// !$*UTF8*$!
{
	archiveVersion = 1;
	classes = {
	};
	objectVersion = 56;
	objects = {

/* Begin PBXBuildFile section */
		450A89CB2ACCCEF4003835E0 /* TweetedByView.swift in Sources */ = {isa = PBXBuildFile; fileRef = 450A89CA2ACCCEF4003835E0 /* TweetedByView.swift */; };
		450A89CD2ACCD450003835E0 /* ProfileUserNameView.swift in Sources */ = {isa = PBXBuildFile; fileRef = 450A89CC2ACCD450003835E0 /* ProfileUserNameView.swift */; };
		450A89CF2ACCD5B4003835E0 /* TweetPhotoImageView.swift in Sources */ = {isa = PBXBuildFile; fileRef = 450A89CE2ACCD5B4003835E0 /* TweetPhotoImageView.swift */; };
		450A89D22ACCDF9C003835E0 /* TweetTimeStampView.swift in Sources */ = {isa = PBXBuildFile; fileRef = 450A89D12ACCDF9C003835E0 /* TweetTimeStampView.swift */; };
		45A215012AB23ACE00CF57F3 /* MessagesViewController+TableView.swift in Sources */ = {isa = PBXBuildFile; fileRef = 45A215002AB23ACE00CF57F3 /* MessagesViewController+TableView.swift */; };
		45A215032AB23FA400CF57F3 /* TabBarController.swift in Sources */ = {isa = PBXBuildFile; fileRef = 45A215022AB23FA400CF57F3 /* TabBarController.swift */; };
		45A453782AAFA36D00FBB812 /* TweetCellButtonView.swift in Sources */ = {isa = PBXBuildFile; fileRef = 45A453772AAFA36D00FBB812 /* TweetCellButtonView.swift */; };
		F3196D0D2AC3144900B25CB6 /* TweetDetailTableCell.swift in Sources */ = {isa = PBXBuildFile; fileRef = F3196D0C2AC3144900B25CB6 /* TweetDetailTableCell.swift */; };
		F333B59D2AC4992500A71338 /* TweetDetailsHeaderLinkView.swift in Sources */ = {isa = PBXBuildFile; fileRef = F333B59C2AC4992500A71338 /* TweetDetailsHeaderLinkView.swift */; };
		F333B5A32AC4E77900A71338 /* TweetLinkView.swift in Sources */ = {isa = PBXBuildFile; fileRef = F333B5A22AC4E77900A71338 /* TweetLinkView.swift */; };
		F333B5CF2AC8AABC00A71338 /* TweetImageHeaderView.swift in Sources */ = {isa = PBXBuildFile; fileRef = F333B5CE2AC8AABC00A71338 /* TweetImageHeaderView.swift */; };
		F333B5D12ACC1E0E00A71338 /* TweetHeaderView.swift in Sources */ = {isa = PBXBuildFile; fileRef = F333B5D02ACC1E0E00A71338 /* TweetHeaderView.swift */; };
		F3840D502AAAE45500882B06 /* AppDelegate.swift in Sources */ = {isa = PBXBuildFile; fileRef = F3840D4F2AAAE45500882B06 /* AppDelegate.swift */; };
		F3840D542AAAE45500882B06 /* HomeViewController.swift in Sources */ = {isa = PBXBuildFile; fileRef = F3840D532AAAE45500882B06 /* HomeViewController.swift */; };
		F3840D592AAAE45700882B06 /* Assets.xcassets in Resources */ = {isa = PBXBuildFile; fileRef = F3840D582AAAE45700882B06 /* Assets.xcassets */; };
		F3840D5C2AAAE45800882B06 /* LaunchScreen.storyboard in Resources */ = {isa = PBXBuildFile; fileRef = F3840D5A2AAAE45700882B06 /* LaunchScreen.storyboard */; };
		F3840D642AABA62500882B06 /* TweetsTableViewCell.swift in Sources */ = {isa = PBXBuildFile; fileRef = F3840D632AABA62500882B06 /* TweetsTableViewCell.swift */; };
		F3840D662AAE57F900882B06 /* TweetsModelStruct.swift in Sources */ = {isa = PBXBuildFile; fileRef = F3840D652AAE57F900882B06 /* TweetsModelStruct.swift */; };
		F3840D682AAF2B6800882B06 /* TweetsDatabase.swift in Sources */ = {isa = PBXBuildFile; fileRef = F3840D672AAF2B6800882B06 /* TweetsDatabase.swift */; };
		F3840D6B2AB21AA200882B06 /* MessagesViewController.swift in Sources */ = {isa = PBXBuildFile; fileRef = F3840D6A2AB21AA200882B06 /* MessagesViewController.swift */; };
		F3840D6D2AB21AE100882B06 /* MessagesTableViewCell.swift in Sources */ = {isa = PBXBuildFile; fileRef = F3840D6C2AB21AE100882B06 /* MessagesTableViewCell.swift */; };
		F3840D702AB4FCA900882B06 /* NotificationViewController.swift in Sources */ = {isa = PBXBuildFile; fileRef = F3840D6F2AB4FCA900882B06 /* NotificationViewController.swift */; };
		F3840D722AB4FCC800882B06 /* NotificationTableViewCell.swift in Sources */ = {isa = PBXBuildFile; fileRef = F3840D712AB4FCC800882B06 /* NotificationTableViewCell.swift */; };
		F3840D742AB4FD5C00882B06 /* NotificationViewController+TableView.swift in Sources */ = {isa = PBXBuildFile; fileRef = F3840D732AB4FD5C00882B06 /* NotificationViewController+TableView.swift */; };
		F3840D792AB779A100882B06 /* HomeViewController+TableView.swift in Sources */ = {isa = PBXBuildFile; fileRef = F3840D782AB779A100882B06 /* HomeViewController+TableView.swift */; };
		F3840D7B2AB78DB700882B06 /* TwitterDetailsViewController.swift in Sources */ = {isa = PBXBuildFile; fileRef = F3840D7A2AB78DB700882B06 /* TwitterDetailsViewController.swift */; };
		F3840D7D2AB88C2900882B06 /* TweetDetailsHeaderView.swift in Sources */ = {isa = PBXBuildFile; fileRef = F3840D7C2AB88C2900882B06 /* TweetDetailsHeaderView.swift */; };
		F3840D7F2AB88C5700882B06 /* ReplyTextFieldContainerView.swift in Sources */ = {isa = PBXBuildFile; fileRef = F3840D7E2AB88C5700882B06 /* ReplyTextFieldContainerView.swift */; };
		F3840D852AC0AC3B00882B06 /* TwitterDetailsViewController+TableHeaderView.swift in Sources */ = {isa = PBXBuildFile; fileRef = F3840D842AC0AC3B00882B06 /* TwitterDetailsViewController+TableHeaderView.swift */; };
		F3840D872AC0AD2D00882B06 /* TwitterDetailsViewController+TableView.swift in Sources */ = {isa = PBXBuildFile; fileRef = F3840D862AC0AD2D00882B06 /* TwitterDetailsViewController+TableView.swift */; };
/* End PBXBuildFile section */

/* Begin PBXFileReference section */
		450A89CA2ACCCEF4003835E0 /* TweetedByView.swift */ = {isa = PBXFileReference; lastKnownFileType = sourcecode.swift; path = TweetedByView.swift; sourceTree = "<group>"; };
		450A89CC2ACCD450003835E0 /* ProfileUserNameView.swift */ = {isa = PBXFileReference; lastKnownFileType = sourcecode.swift; path = ProfileUserNameView.swift; sourceTree = "<group>"; };
		450A89CE2ACCD5B4003835E0 /* TweetPhotoImageView.swift */ = {isa = PBXFileReference; lastKnownFileType = sourcecode.swift; path = TweetPhotoImageView.swift; sourceTree = "<group>"; };
		450A89D12ACCDF9C003835E0 /* TweetTimeStampView.swift */ = {isa = PBXFileReference; lastKnownFileType = sourcecode.swift; path = TweetTimeStampView.swift; sourceTree = "<group>"; };
		45A215002AB23ACE00CF57F3 /* MessagesViewController+TableView.swift */ = {isa = PBXFileReference; lastKnownFileType = sourcecode.swift; path = "MessagesViewController+TableView.swift"; sourceTree = "<group>"; };
		45A215022AB23FA400CF57F3 /* TabBarController.swift */ = {isa = PBXFileReference; lastKnownFileType = sourcecode.swift; path = TabBarController.swift; sourceTree = "<group>"; };
		45A453772AAFA36D00FBB812 /* TweetCellButtonView.swift */ = {isa = PBXFileReference; lastKnownFileType = sourcecode.swift; path = TweetCellButtonView.swift; sourceTree = "<group>"; };
		F3196D0C2AC3144900B25CB6 /* TweetDetailTableCell.swift */ = {isa = PBXFileReference; lastKnownFileType = sourcecode.swift; path = TweetDetailTableCell.swift; sourceTree = "<group>"; };
		F333B59C2AC4992500A71338 /* TweetDetailsHeaderLinkView.swift */ = {isa = PBXFileReference; lastKnownFileType = sourcecode.swift; path = TweetDetailsHeaderLinkView.swift; sourceTree = "<group>"; };
		F333B5A22AC4E77900A71338 /* TweetLinkView.swift */ = {isa = PBXFileReference; lastKnownFileType = sourcecode.swift; path = TweetLinkView.swift; sourceTree = "<group>"; };
		F333B5CE2AC8AABC00A71338 /* TweetImageHeaderView.swift */ = {isa = PBXFileReference; lastKnownFileType = sourcecode.swift; path = TweetImageHeaderView.swift; sourceTree = "<group>"; };
		F333B5D02ACC1E0E00A71338 /* TweetHeaderView.swift */ = {isa = PBXFileReference; lastKnownFileType = sourcecode.swift; path = TweetHeaderView.swift; sourceTree = "<group>"; };
		F3840D4C2AAAE45500882B06 /* TweeterClone.app */ = {isa = PBXFileReference; explicitFileType = wrapper.application; includeInIndex = 0; path = TweeterClone.app; sourceTree = BUILT_PRODUCTS_DIR; };
		F3840D4F2AAAE45500882B06 /* AppDelegate.swift */ = {isa = PBXFileReference; lastKnownFileType = sourcecode.swift; path = AppDelegate.swift; sourceTree = "<group>"; };
		F3840D532AAAE45500882B06 /* HomeViewController.swift */ = {isa = PBXFileReference; lastKnownFileType = sourcecode.swift; path = HomeViewController.swift; sourceTree = "<group>"; };
		F3840D582AAAE45700882B06 /* Assets.xcassets */ = {isa = PBXFileReference; lastKnownFileType = folder.assetcatalog; path = Assets.xcassets; sourceTree = "<group>"; };
		F3840D5B2AAAE45700882B06 /* Base */ = {isa = PBXFileReference; lastKnownFileType = file.storyboard; name = Base; path = Base.lproj/LaunchScreen.storyboard; sourceTree = "<group>"; };
		F3840D5D2AAAE45800882B06 /* Info.plist */ = {isa = PBXFileReference; lastKnownFileType = text.plist.xml; path = Info.plist; sourceTree = "<group>"; };
		F3840D632AABA62500882B06 /* TweetsTableViewCell.swift */ = {isa = PBXFileReference; lastKnownFileType = sourcecode.swift; path = TweetsTableViewCell.swift; sourceTree = "<group>"; };
		F3840D652AAE57F900882B06 /* TweetsModelStruct.swift */ = {isa = PBXFileReference; lastKnownFileType = sourcecode.swift; path = TweetsModelStruct.swift; sourceTree = "<group>"; };
		F3840D672AAF2B6800882B06 /* TweetsDatabase.swift */ = {isa = PBXFileReference; lastKnownFileType = sourcecode.swift; path = TweetsDatabase.swift; sourceTree = "<group>"; };
		F3840D6A2AB21AA200882B06 /* MessagesViewController.swift */ = {isa = PBXFileReference; lastKnownFileType = sourcecode.swift; path = MessagesViewController.swift; sourceTree = "<group>"; };
		F3840D6C2AB21AE100882B06 /* MessagesTableViewCell.swift */ = {isa = PBXFileReference; lastKnownFileType = sourcecode.swift; path = MessagesTableViewCell.swift; sourceTree = "<group>"; };
		F3840D6F2AB4FCA900882B06 /* NotificationViewController.swift */ = {isa = PBXFileReference; lastKnownFileType = sourcecode.swift; path = NotificationViewController.swift; sourceTree = "<group>"; };
		F3840D712AB4FCC800882B06 /* NotificationTableViewCell.swift */ = {isa = PBXFileReference; lastKnownFileType = sourcecode.swift; path = NotificationTableViewCell.swift; sourceTree = "<group>"; };
		F3840D732AB4FD5C00882B06 /* NotificationViewController+TableView.swift */ = {isa = PBXFileReference; lastKnownFileType = sourcecode.swift; path = "NotificationViewController+TableView.swift"; sourceTree = "<group>"; };
		F3840D782AB779A100882B06 /* HomeViewController+TableView.swift */ = {isa = PBXFileReference; lastKnownFileType = sourcecode.swift; path = "HomeViewController+TableView.swift"; sourceTree = "<group>"; };
		F3840D7A2AB78DB700882B06 /* TwitterDetailsViewController.swift */ = {isa = PBXFileReference; lastKnownFileType = sourcecode.swift; path = TwitterDetailsViewController.swift; sourceTree = "<group>"; };
		F3840D7C2AB88C2900882B06 /* TweetDetailsHeaderView.swift */ = {isa = PBXFileReference; lastKnownFileType = sourcecode.swift; path = TweetDetailsHeaderView.swift; sourceTree = "<group>"; };
		F3840D7E2AB88C5700882B06 /* ReplyTextFieldContainerView.swift */ = {isa = PBXFileReference; lastKnownFileType = sourcecode.swift; path = ReplyTextFieldContainerView.swift; sourceTree = "<group>"; };
		F3840D842AC0AC3B00882B06 /* TwitterDetailsViewController+TableHeaderView.swift */ = {isa = PBXFileReference; lastKnownFileType = sourcecode.swift; path = "TwitterDetailsViewController+TableHeaderView.swift"; sourceTree = "<group>"; };
		F3840D862AC0AD2D00882B06 /* TwitterDetailsViewController+TableView.swift */ = {isa = PBXFileReference; lastKnownFileType = sourcecode.swift; path = "TwitterDetailsViewController+TableView.swift"; sourceTree = "<group>"; };
/* End PBXFileReference section */

/* Begin PBXFrameworksBuildPhase section */
		F3840D492AAAE45500882B06 /* Frameworks */ = {
			isa = PBXFrameworksBuildPhase;
			buildActionMask = 2147483647;
			files = (
			);
			runOnlyForDeploymentPostprocessing = 0;
		};
/* End PBXFrameworksBuildPhase section */

/* Begin PBXGroup section */
		450A89C92ACCCD1C003835E0 /* HeaderVIew */ = {
			isa = PBXGroup;
			children = (
				F333B5D02ACC1E0E00A71338 /* TweetHeaderView.swift */,
			);
			path = HeaderVIew;
			sourceTree = "<group>";
		};
		450A89D02ACCDDDC003835E0 /* Components */ = {
			isa = PBXGroup;
			children = (
				450A89C92ACCCD1C003835E0 /* HeaderVIew */,
				450A89CA2ACCCEF4003835E0 /* TweetedByView.swift */,
				450A89CC2ACCD450003835E0 /* ProfileUserNameView.swift */,
				F333B5A22AC4E77900A71338 /* TweetLinkView.swift */,
				450A89CE2ACCD5B4003835E0 /* TweetPhotoImageView.swift */,
				450A89D12ACCDF9C003835E0 /* TweetTimeStampView.swift */,
				F3840D7E2AB88C5700882B06 /* ReplyTextFieldContainerView.swift */,
			);
			path = Components;
			sourceTree = "<group>";
		};
		45573D5B2AC5FA750045EEB6 /* Controllers */ = {
			isa = PBXGroup;
			children = (
				F3840D7A2AB78DB700882B06 /* TwitterDetailsViewController.swift */,
				F3840D842AC0AC3B00882B06 /* TwitterDetailsViewController+TableHeaderView.swift */,
				F3840D862AC0AD2D00882B06 /* TwitterDetailsViewController+TableView.swift */,
			);
			path = Controllers;
			sourceTree = "<group>";
		};
		45573D5C2AC5FA7B0045EEB6 /* Cell */ = {
			isa = PBXGroup;
			children = (
				F3196D0C2AC3144900B25CB6 /* TweetDetailTableCell.swift */,
			);
			path = Cell;
			sourceTree = "<group>";
		};
		45573D5D2AC5FA870045EEB6 /* Components(Old) */ = {
			isa = PBXGroup;
			children = (
				F3840D7C2AB88C2900882B06 /* TweetDetailsHeaderView.swift */,
				F333B59C2AC4992500A71338 /* TweetDetailsHeaderLinkView.swift */,
				F333B5CE2AC8AABC00A71338 /* TweetImageHeaderView.swift */,
			);
			path = "Components(Old)";
			sourceTree = "<group>";
		};
		45A453762AAF9A6100FBB812 /* HomeViewController */ = {
			isa = PBXGroup;
			children = (
				F3840D532AAAE45500882B06 /* HomeViewController.swift */,
				F3840D782AB779A100882B06 /* HomeViewController+TableView.swift */,
				F3840D632AABA62500882B06 /* TweetsTableViewCell.swift */,
				45A453772AAFA36D00FBB812 /* TweetCellButtonView.swift */,
			);
			path = HomeViewController;
			sourceTree = "<group>";
		};
		F3840D432AAAE45500882B06 = {
			isa = PBXGroup;
			children = (
				F3840D4E2AAAE45500882B06 /* TweeterClone */,
				F3840D4D2AAAE45500882B06 /* Products */,
			);
			sourceTree = "<group>";
		};
		F3840D4D2AAAE45500882B06 /* Products */ = {
			isa = PBXGroup;
			children = (
				F3840D4C2AAAE45500882B06 /* TweeterClone.app */,
			);
			name = Products;
			sourceTree = "<group>";
		};
		F3840D4E2AAAE45500882B06 /* TweeterClone */ = {
			isa = PBXGroup;
			children = (
				F3840D4F2AAAE45500882B06 /* AppDelegate.swift */,
				45A215022AB23FA400CF57F3 /* TabBarController.swift */,
				F3840D6E2AB4FC5200882B06 /* NotificationViewController */,
				F3840D692AB2108700882B06 /* MessagesViewController */,
				F3840D752AB774FA00882B06 /* TweetViewController */,
				45A453762AAF9A6100FBB812 /* HomeViewController */,
				F3840D672AAF2B6800882B06 /* TweetsDatabase.swift */,
				F3840D652AAE57F900882B06 /* TweetsModelStruct.swift */,
				F3840D582AAAE45700882B06 /* Assets.xcassets */,
				F3840D5A2AAAE45700882B06 /* LaunchScreen.storyboard */,
				F3840D5D2AAAE45800882B06 /* Info.plist */,
			);
			path = TweeterClone;
			sourceTree = "<group>";
		};
		F3840D692AB2108700882B06 /* MessagesViewController */ = {
			isa = PBXGroup;
			children = (
				F3840D6A2AB21AA200882B06 /* MessagesViewController.swift */,
				45A215002AB23ACE00CF57F3 /* MessagesViewController+TableView.swift */,
				F3840D6C2AB21AE100882B06 /* MessagesTableViewCell.swift */,
			);
			path = MessagesViewController;
			sourceTree = "<group>";
		};
		F3840D6E2AB4FC5200882B06 /* NotificationViewController */ = {
			isa = PBXGroup;
			children = (
				F3840D6F2AB4FCA900882B06 /* NotificationViewController.swift */,
				F3840D712AB4FCC800882B06 /* NotificationTableViewCell.swift */,
				F3840D732AB4FD5C00882B06 /* NotificationViewController+TableView.swift */,
			);
			path = NotificationViewController;
			sourceTree = "<group>";
		};
		F3840D752AB774FA00882B06 /* TweetViewController */ = {
			isa = PBXGroup;
			children = (
				45573D5B2AC5FA750045EEB6 /* Controllers */,
				45573D5C2AC5FA7B0045EEB6 /* Cell */,
				450A89D02ACCDDDC003835E0 /* Components */,
				45573D5D2AC5FA870045EEB6 /* Components(Old) */,
			);
			path = TweetViewController;
			sourceTree = "<group>";
		};
/* End PBXGroup section */

/* Begin PBXNativeTarget section */
		F3840D4B2AAAE45500882B06 /* TweeterClone */ = {
			isa = PBXNativeTarget;
			buildConfigurationList = F3840D602AAAE45800882B06 /* Build configuration list for PBXNativeTarget "TweeterClone" */;
			buildPhases = (
				F3840D482AAAE45500882B06 /* Sources */,
				F3840D492AAAE45500882B06 /* Frameworks */,
				F3840D4A2AAAE45500882B06 /* Resources */,
			);
			buildRules = (
			);
			dependencies = (
			);
			name = TweeterClone;
			productName = TweeterClone;
			productReference = F3840D4C2AAAE45500882B06 /* TweeterClone.app */;
			productType = "com.apple.product-type.application";
		};
/* End PBXNativeTarget section */

/* Begin PBXProject section */
		F3840D442AAAE45500882B06 /* Project object */ = {
			isa = PBXProject;
			attributes = {
				BuildIndependentTargetsInParallel = 1;
				LastSwiftUpdateCheck = 1430;
				LastUpgradeCheck = 1430;
				TargetAttributes = {
					F3840D4B2AAAE45500882B06 = {
						CreatedOnToolsVersion = 14.3.1;
					};
				};
			};
			buildConfigurationList = F3840D472AAAE45500882B06 /* Build configuration list for PBXProject "TweeterClone" */;
			compatibilityVersion = "Xcode 14.0";
			developmentRegion = en;
			hasScannedForEncodings = 0;
			knownRegions = (
				en,
				Base,
			);
			mainGroup = F3840D432AAAE45500882B06;
			productRefGroup = F3840D4D2AAAE45500882B06 /* Products */;
			projectDirPath = "";
			projectRoot = "";
			targets = (
				F3840D4B2AAAE45500882B06 /* TweeterClone */,
			);
		};
/* End PBXProject section */

/* Begin PBXResourcesBuildPhase section */
		F3840D4A2AAAE45500882B06 /* Resources */ = {
			isa = PBXResourcesBuildPhase;
			buildActionMask = 2147483647;
			files = (
				F3840D5C2AAAE45800882B06 /* LaunchScreen.storyboard in Resources */,
				F3840D592AAAE45700882B06 /* Assets.xcassets in Resources */,
			);
			runOnlyForDeploymentPostprocessing = 0;
		};
/* End PBXResourcesBuildPhase section */

/* Begin PBXSourcesBuildPhase section */
		F3840D482AAAE45500882B06 /* Sources */ = {
			isa = PBXSourcesBuildPhase;
			buildActionMask = 2147483647;
			files = (
				F3840D722AB4FCC800882B06 /* NotificationTableViewCell.swift in Sources */,
				F3840D542AAAE45500882B06 /* HomeViewController.swift in Sources */,
				F3840D702AB4FCA900882B06 /* NotificationViewController.swift in Sources */,
				450A89D22ACCDF9C003835E0 /* TweetTimeStampView.swift in Sources */,
				F333B59D2AC4992500A71338 /* TweetDetailsHeaderLinkView.swift in Sources */,
				F3840D792AB779A100882B06 /* HomeViewController+TableView.swift in Sources */,
				F3840D7B2AB78DB700882B06 /* TwitterDetailsViewController.swift in Sources */,
				45A453782AAFA36D00FBB812 /* TweetCellButtonView.swift in Sources */,
				F3840D742AB4FD5C00882B06 /* NotificationViewController+TableView.swift in Sources */,
				450A89CD2ACCD450003835E0 /* ProfileUserNameView.swift in Sources */,
				F3840D7D2AB88C2900882B06 /* TweetDetailsHeaderView.swift in Sources */,
				450A89CF2ACCD5B4003835E0 /* TweetPhotoImageView.swift in Sources */,
				F3840D852AC0AC3B00882B06 /* TwitterDetailsViewController+TableHeaderView.swift in Sources */,
				45A215032AB23FA400CF57F3 /* TabBarController.swift in Sources */,
				45A215012AB23ACE00CF57F3 /* MessagesViewController+TableView.swift in Sources */,
				F3840D502AAAE45500882B06 /* AppDelegate.swift in Sources */,
				F3840D7F2AB88C5700882B06 /* ReplyTextFieldContainerView.swift in Sources */,
				F3196D0D2AC3144900B25CB6 /* TweetDetailTableCell.swift in Sources */,
				F3840D662AAE57F900882B06 /* TweetsModelStruct.swift in Sources */,
				F3840D682AAF2B6800882B06 /* TweetsDatabase.swift in Sources */,
				F3840D6B2AB21AA200882B06 /* MessagesViewController.swift in Sources */,
				F333B5A32AC4E77900A71338 /* TweetLinkView.swift in Sources */,
				F333B5CF2AC8AABC00A71338 /* TweetImageHeaderView.swift in Sources */,
				F3840D6D2AB21AE100882B06 /* MessagesTableViewCell.swift in Sources */,
				F3840D872AC0AD2D00882B06 /* TwitterDetailsViewController+TableView.swift in Sources */,
				F333B5D12ACC1E0E00A71338 /* TweetHeaderView.swift in Sources */,
				450A89CB2ACCCEF4003835E0 /* TweetedByView.swift in Sources */,
				F3840D642AABA62500882B06 /* TweetsTableViewCell.swift in Sources */,
			);
			runOnlyForDeploymentPostprocessing = 0;
		};
/* End PBXSourcesBuildPhase section */

/* Begin PBXVariantGroup section */
		F3840D5A2AAAE45700882B06 /* LaunchScreen.storyboard */ = {
			isa = PBXVariantGroup;
			children = (
				F3840D5B2AAAE45700882B06 /* Base */,
			);
			name = LaunchScreen.storyboard;
			sourceTree = "<group>";
		};
/* End PBXVariantGroup section */

/* Begin XCBuildConfiguration section */
		F3840D5E2AAAE45800882B06 /* Debug */ = {
			isa = XCBuildConfiguration;
			buildSettings = {
				ALWAYS_SEARCH_USER_PATHS = NO;
				CLANG_ANALYZER_NONNULL = YES;
				CLANG_ANALYZER_NUMBER_OBJECT_CONVERSION = YES_AGGRESSIVE;
				CLANG_CXX_LANGUAGE_STANDARD = "gnu++20";
				CLANG_ENABLE_MODULES = YES;
				CLANG_ENABLE_OBJC_ARC = YES;
				CLANG_ENABLE_OBJC_WEAK = YES;
				CLANG_WARN_BLOCK_CAPTURE_AUTORELEASING = YES;
				CLANG_WARN_BOOL_CONVERSION = YES;
				CLANG_WARN_COMMA = YES;
				CLANG_WARN_CONSTANT_CONVERSION = YES;
				CLANG_WARN_DEPRECATED_OBJC_IMPLEMENTATIONS = YES;
				CLANG_WARN_DIRECT_OBJC_ISA_USAGE = YES_ERROR;
				CLANG_WARN_DOCUMENTATION_COMMENTS = YES;
				CLANG_WARN_EMPTY_BODY = YES;
				CLANG_WARN_ENUM_CONVERSION = YES;
				CLANG_WARN_INFINITE_RECURSION = YES;
				CLANG_WARN_INT_CONVERSION = YES;
				CLANG_WARN_NON_LITERAL_NULL_CONVERSION = YES;
				CLANG_WARN_OBJC_IMPLICIT_RETAIN_SELF = YES;
				CLANG_WARN_OBJC_LITERAL_CONVERSION = YES;
				CLANG_WARN_OBJC_ROOT_CLASS = YES_ERROR;
				CLANG_WARN_QUOTED_INCLUDE_IN_FRAMEWORK_HEADER = YES;
				CLANG_WARN_RANGE_LOOP_ANALYSIS = YES;
				CLANG_WARN_STRICT_PROTOTYPES = YES;
				CLANG_WARN_SUSPICIOUS_MOVE = YES;
				CLANG_WARN_UNGUARDED_AVAILABILITY = YES_AGGRESSIVE;
				CLANG_WARN_UNREACHABLE_CODE = YES;
				CLANG_WARN__DUPLICATE_METHOD_MATCH = YES;
				COPY_PHASE_STRIP = NO;
				DEBUG_INFORMATION_FORMAT = dwarf;
				ENABLE_STRICT_OBJC_MSGSEND = YES;
				ENABLE_TESTABILITY = YES;
				GCC_C_LANGUAGE_STANDARD = gnu11;
				GCC_DYNAMIC_NO_PIC = NO;
				GCC_NO_COMMON_BLOCKS = YES;
				GCC_OPTIMIZATION_LEVEL = 0;
				GCC_PREPROCESSOR_DEFINITIONS = (
					"DEBUG=1",
					"$(inherited)",
				);
				GCC_WARN_64_TO_32_BIT_CONVERSION = YES;
				GCC_WARN_ABOUT_RETURN_TYPE = YES_ERROR;
				GCC_WARN_UNDECLARED_SELECTOR = YES;
				GCC_WARN_UNINITIALIZED_AUTOS = YES_AGGRESSIVE;
				GCC_WARN_UNUSED_FUNCTION = YES;
				GCC_WARN_UNUSED_VARIABLE = YES;
				IPHONEOS_DEPLOYMENT_TARGET = 16.4;
				MTL_ENABLE_DEBUG_INFO = INCLUDE_SOURCE;
				MTL_FAST_MATH = YES;
				ONLY_ACTIVE_ARCH = YES;
				SDKROOT = iphoneos;
				SWIFT_ACTIVE_COMPILATION_CONDITIONS = DEBUG;
				SWIFT_OPTIMIZATION_LEVEL = "-Onone";
			};
			name = Debug;
		};
		F3840D5F2AAAE45800882B06 /* Release */ = {
			isa = XCBuildConfiguration;
			buildSettings = {
				ALWAYS_SEARCH_USER_PATHS = NO;
				CLANG_ANALYZER_NONNULL = YES;
				CLANG_ANALYZER_NUMBER_OBJECT_CONVERSION = YES_AGGRESSIVE;
				CLANG_CXX_LANGUAGE_STANDARD = "gnu++20";
				CLANG_ENABLE_MODULES = YES;
				CLANG_ENABLE_OBJC_ARC = YES;
				CLANG_ENABLE_OBJC_WEAK = YES;
				CLANG_WARN_BLOCK_CAPTURE_AUTORELEASING = YES;
				CLANG_WARN_BOOL_CONVERSION = YES;
				CLANG_WARN_COMMA = YES;
				CLANG_WARN_CONSTANT_CONVERSION = YES;
				CLANG_WARN_DEPRECATED_OBJC_IMPLEMENTATIONS = YES;
				CLANG_WARN_DIRECT_OBJC_ISA_USAGE = YES_ERROR;
				CLANG_WARN_DOCUMENTATION_COMMENTS = YES;
				CLANG_WARN_EMPTY_BODY = YES;
				CLANG_WARN_ENUM_CONVERSION = YES;
				CLANG_WARN_INFINITE_RECURSION = YES;
				CLANG_WARN_INT_CONVERSION = YES;
				CLANG_WARN_NON_LITERAL_NULL_CONVERSION = YES;
				CLANG_WARN_OBJC_IMPLICIT_RETAIN_SELF = YES;
				CLANG_WARN_OBJC_LITERAL_CONVERSION = YES;
				CLANG_WARN_OBJC_ROOT_CLASS = YES_ERROR;
				CLANG_WARN_QUOTED_INCLUDE_IN_FRAMEWORK_HEADER = YES;
				CLANG_WARN_RANGE_LOOP_ANALYSIS = YES;
				CLANG_WARN_STRICT_PROTOTYPES = YES;
				CLANG_WARN_SUSPICIOUS_MOVE = YES;
				CLANG_WARN_UNGUARDED_AVAILABILITY = YES_AGGRESSIVE;
				CLANG_WARN_UNREACHABLE_CODE = YES;
				CLANG_WARN__DUPLICATE_METHOD_MATCH = YES;
				COPY_PHASE_STRIP = NO;
				DEBUG_INFORMATION_FORMAT = "dwarf-with-dsym";
				ENABLE_NS_ASSERTIONS = NO;
				ENABLE_STRICT_OBJC_MSGSEND = YES;
				GCC_C_LANGUAGE_STANDARD = gnu11;
				GCC_NO_COMMON_BLOCKS = YES;
				GCC_WARN_64_TO_32_BIT_CONVERSION = YES;
				GCC_WARN_ABOUT_RETURN_TYPE = YES_ERROR;
				GCC_WARN_UNDECLARED_SELECTOR = YES;
				GCC_WARN_UNINITIALIZED_AUTOS = YES_AGGRESSIVE;
				GCC_WARN_UNUSED_FUNCTION = YES;
				GCC_WARN_UNUSED_VARIABLE = YES;
				IPHONEOS_DEPLOYMENT_TARGET = 16.4;
				MTL_ENABLE_DEBUG_INFO = NO;
				MTL_FAST_MATH = YES;
				SDKROOT = iphoneos;
				SWIFT_COMPILATION_MODE = wholemodule;
				SWIFT_OPTIMIZATION_LEVEL = "-O";
				VALIDATE_PRODUCT = YES;
			};
			name = Release;
		};
		F3840D612AAAE45800882B06 /* Debug */ = {
			isa = XCBuildConfiguration;
			buildSettings = {
				ASSETCATALOG_COMPILER_APPICON_NAME = AppIcon;
				ASSETCATALOG_COMPILER_GLOBAL_ACCENT_COLOR_NAME = AccentColor;
				CODE_SIGN_STYLE = Automatic;
				CURRENT_PROJECT_VERSION = 1;
				DEVELOPMENT_TEAM = T8C3BDQ5BW;
				GENERATE_INFOPLIST_FILE = YES;
				INFOPLIST_FILE = TweeterClone/Info.plist;
				INFOPLIST_KEY_UIApplicationSupportsIndirectInputEvents = YES;
				INFOPLIST_KEY_UILaunchStoryboardName = LaunchScreen;
				INFOPLIST_KEY_UISupportedInterfaceOrientations_iPad = "UIInterfaceOrientationPortrait UIInterfaceOrientationPortraitUpsideDown UIInterfaceOrientationLandscapeLeft UIInterfaceOrientationLandscapeRight";
				INFOPLIST_KEY_UISupportedInterfaceOrientations_iPhone = "UIInterfaceOrientationPortrait UIInterfaceOrientationLandscapeLeft UIInterfaceOrientationLandscapeRight";
				LD_RUNPATH_SEARCH_PATHS = (
					"$(inherited)",
					"@executable_path/Frameworks",
				);
				MARKETING_VERSION = 1.0;
				PRODUCT_BUNDLE_IDENTIFIER = com.Futurelane.TweeterClone;
				PRODUCT_NAME = "$(TARGET_NAME)";
				SWIFT_EMIT_LOC_STRINGS = YES;
				SWIFT_VERSION = 5.0;
				TARGETED_DEVICE_FAMILY = "1,2";
			};
			name = Debug;
		};
		F3840D622AAAE45800882B06 /* Release */ = {
			isa = XCBuildConfiguration;
			buildSettings = {
				ASSETCATALOG_COMPILER_APPICON_NAME = AppIcon;
				ASSETCATALOG_COMPILER_GLOBAL_ACCENT_COLOR_NAME = AccentColor;
				CODE_SIGN_STYLE = Automatic;
				CURRENT_PROJECT_VERSION = 1;
				DEVELOPMENT_TEAM = T8C3BDQ5BW;
				GENERATE_INFOPLIST_FILE = YES;
				INFOPLIST_FILE = TweeterClone/Info.plist;
				INFOPLIST_KEY_UIApplicationSupportsIndirectInputEvents = YES;
				INFOPLIST_KEY_UILaunchStoryboardName = LaunchScreen;
				INFOPLIST_KEY_UISupportedInterfaceOrientations_iPad = "UIInterfaceOrientationPortrait UIInterfaceOrientationPortraitUpsideDown UIInterfaceOrientationLandscapeLeft UIInterfaceOrientationLandscapeRight";
				INFOPLIST_KEY_UISupportedInterfaceOrientations_iPhone = "UIInterfaceOrientationPortrait UIInterfaceOrientationLandscapeLeft UIInterfaceOrientationLandscapeRight";
				LD_RUNPATH_SEARCH_PATHS = (
					"$(inherited)",
					"@executable_path/Frameworks",
				);
				MARKETING_VERSION = 1.0;
				PRODUCT_BUNDLE_IDENTIFIER = com.Futurelane.TweeterClone;
				PRODUCT_NAME = "$(TARGET_NAME)";
				SWIFT_EMIT_LOC_STRINGS = YES;
				SWIFT_VERSION = 5.0;
				TARGETED_DEVICE_FAMILY = "1,2";
			};
			name = Release;
		};
/* End XCBuildConfiguration section */

/* Begin XCConfigurationList section */
		F3840D472AAAE45500882B06 /* Build configuration list for PBXProject "TweeterClone" */ = {
			isa = XCConfigurationList;
			buildConfigurations = (
				F3840D5E2AAAE45800882B06 /* Debug */,
				F3840D5F2AAAE45800882B06 /* Release */,
			);
			defaultConfigurationIsVisible = 0;
			defaultConfigurationName = Release;
		};
		F3840D602AAAE45800882B06 /* Build configuration list for PBXNativeTarget "TweeterClone" */ = {
			isa = XCConfigurationList;
			buildConfigurations = (
				F3840D612AAAE45800882B06 /* Debug */,
				F3840D622AAAE45800882B06 /* Release */,
			);
			defaultConfigurationIsVisible = 0;
			defaultConfigurationName = Release;
		};
/* End XCConfigurationList section */
	};
	rootObject = F3840D442AAAE45500882B06 /* Project object */;
}
